
Microsoft Visual Studio Solution File, Format Version 12.00
Project("{FAE04EC0-301F-11D3-BF4B-00C04F79EFBC}") = "WordsStats", "WordsStats\WordsStats.csproj", "{44573534-52B7-401A-89D7-71BF6C632CF1}"
EndProject
Project("{FAE04EC0-301F-11D3-BF4B-00C04F79EFBC}") = "Tasks", "Tasks\Tasks.csproj", "{D729773E-F303-4299-83C1-71AB275AEA5A}"
EndProject
Global
	GlobalSection(SolutionConfigurationPlatforms) = preSolution
		Debug|Any CPU = Debug|Any CPU
		Release|Any CPU = Release|Any CPU
	EndGlobalSection
	GlobalSection(ProjectConfigurationPlatforms) = postSolution
		{44573534-52B7-401A-89D7-71BF6C632CF1}.Debug|Any CPU.ActiveCfg = Debug|Any CPU
		{44573534-52B7-401A-89D7-71BF6C632CF1}.Debug|Any CPU.Build.0 = Debug|Any CPU
		{44573534-52B7-401A-89D7-71BF6C632CF1}.Release|Any CPU.ActiveCfg = Release|Any CPU
		{44573534-52B7-401A-89D7-71BF6C632CF1}.Release|Any CPU.Build.0 = Release|Any CPU
		{D729773E-F303-4299-83C1-71AB275AEA5A}.Debug|Any CPU.ActiveCfg = Debug|Any CPU
		{D729773E-F303-4299-83C1-71AB275AEA5A}.Debug|Any CPU.Build.0 = Debug|Any CPU
		{D729773E-F303-4299-83C1-71AB275AEA5A}.Release|Any CPU.ActiveCfg = Release|Any CPU
		{D729773E-F303-4299-83C1-71AB275AEA5A}.Release|Any CPU.Build.0 = Release|Any CPU
	EndGlobalSection
EndGlobal
